
Microsoft Visual Studio Solution File, Format Version 12.00
# Visual Studio Version 17
VisualStudioVersion = 17.3.32922.545
MinimumVisualStudioVersion = 10.0.40219.1
Project("{9A19103F-16F7-4668-BE54-9A1E7A4F7556}") = "WorkTracker.Api", "WorkTracker.Api\WorkTracker.Api.csproj", "{2C7A0FF4-4861-447B-8F6C-D385F0AFAA5A}"
EndProject
Project("{9A19103F-16F7-4668-BE54-9A1E7A4F7556}") = "WorkTracker.BusinessLogic", "WorkTracker.BusinessLogic\WorkTracker.BusinessLogic.csproj", "{7F4DF84F-80B3-4E0A-A112-686A9712AD91}"
EndProject
Project("{9A19103F-16F7-4668-BE54-9A1E7A4F7556}") = "WorkTracker.Contracts", "WorkTracker.Contracts\WorkTracker.Contracts.csproj", "{69B4F9B5-5DB6-4356-868D-8B271B754C3E}"
EndProject
Project("{9A19103F-16F7-4668-BE54-9A1E7A4F7556}") = "WorkTracker.DataAccess", "WorkTracker.DataAccess\WorkTracker.DataAccess.csproj", "{AA2E3512-2054-4634-9847-144E7492492C}"
EndProject
Project("{FAE04EC0-301F-11D3-BF4B-00C04F79EFBC}") = "WorkTracker.Logging.Core", "WorkTracker.Logging.Core\WorkTracker.Logging.Core.csproj", "{96E89259-8D4A-41B5-B14B-342F777E77FB}"
EndProject
Global
	GlobalSection(SolutionConfigurationPlatforms) = preSolution
		Debug|Any CPU = Debug|Any CPU
		Release|Any CPU = Release|Any CPU
	EndGlobalSection
	GlobalSection(ProjectConfigurationPlatforms) = postSolution
		{2C7A0FF4-4861-447B-8F6C-D385F0AFAA5A}.Debug|Any CPU.ActiveCfg = Debug|Any CPU
		{2C7A0FF4-4861-447B-8F6C-D385F0AFAA5A}.Debug|Any CPU.Build.0 = Debug|Any CPU
		{2C7A0FF4-4861-447B-8F6C-D385F0AFAA5A}.Release|Any CPU.ActiveCfg = Release|Any CPU
		{2C7A0FF4-4861-447B-8F6C-D385F0AFAA5A}.Release|Any CPU.Build.0 = Release|Any CPU
		{7F4DF84F-80B3-4E0A-A112-686A9712AD91}.Debug|Any CPU.ActiveCfg = Debug|Any CPU
		{7F4DF84F-80B3-4E0A-A112-686A9712AD91}.Debug|Any CPU.Build.0 = Debug|Any CPU
		{7F4DF84F-80B3-4E0A-A112-686A9712AD91}.Release|Any CPU.ActiveCfg = Release|Any CPU
		{7F4DF84F-80B3-4E0A-A112-686A9712AD91}.Release|Any CPU.Build.0 = Release|Any CPU
		{69B4F9B5-5DB6-4356-868D-8B271B754C3E}.Debug|Any CPU.ActiveCfg = Debug|Any CPU
		{69B4F9B5-5DB6-4356-868D-8B271B754C3E}.Debug|Any CPU.Build.0 = Debug|Any CPU
		{69B4F9B5-5DB6-4356-868D-8B271B754C3E}.Release|Any CPU.ActiveCfg = Release|Any CPU
		{69B4F9B5-5DB6-4356-868D-8B271B754C3E}.Release|Any CPU.Build.0 = Release|Any CPU
		{AA2E3512-2054-4634-9847-144E7492492C}.Debug|Any CPU.ActiveCfg = Debug|Any CPU
		{AA2E3512-2054-4634-9847-144E7492492C}.Debug|Any CPU.Build.0 = Debug|Any CPU
		{AA2E3512-2054-4634-9847-144E7492492C}.Release|Any CPU.ActiveCfg = Release|Any CPU
		{AA2E3512-2054-4634-9847-144E7492492C}.Release|Any CPU.Build.0 = Release|Any CPU
		{96E89259-8D4A-41B5-B14B-342F777E77FB}.Debug|Any CPU.ActiveCfg = Debug|Any CPU
		{96E89259-8D4A-41B5-B14B-342F777E77FB}.Debug|Any CPU.Build.0 = Debug|Any CPU
		{96E89259-8D4A-41B5-B14B-342F777E77FB}.Release|Any CPU.ActiveCfg = Release|Any CPU
		{96E89259-8D4A-41B5-B14B-342F777E77FB}.Release|Any CPU.Build.0 = Release|Any CPU
	EndGlobalSection
	GlobalSection(SolutionProperties) = preSolution
		HideSolutionNode = FALSE
	EndGlobalSection
	GlobalSection(ExtensibilityGlobals) = postSolution
		SolutionGuid = {64DA0FBD-7F93-430D-8072-78D78BF642E8}
	EndGlobalSection
EndGlobal
